{
  "originHash" : "6e99691cf8f4d78a22580c6b1eb18b0f4fa2272c6dcf779325e773ee1f8e7a90",
  "pins" : [
    {
      "identity" : "royalvnc",
      "kind" : "remoteSourceControl",
      "location" : "https://github.com/royalapplications/royalvnc.git",
      "state" : {
        "branch" : "main",
        "revision" : "25dfed9625066bce5e27dcc10b3ebc9430f1dba2"
      }
    }
  ],
  "version" : 3
}
